
Microsoft Visual Studio Solution File, Format Version 12.00
# Visual Studio Version 16
VisualStudioVersion = 16.0.31112.23
MinimumVisualStudioVersion = 10.0.40219.1
Project("{FAE04EC0-301F-11D3-BF4B-00C04F79EFBC}") = "Unit17", "Unit17\Unit17.csproj", "{08F5A518-C796-4CBF-BBD0-224AC0842B9D}"
EndProject
Global
	GlobalSection(SolutionConfigurationPlatforms) = preSolution
		Debug|Any CPU = Debug|Any CPU
		Release|Any CPU = Release|Any CPU
	EndGlobalSection
	GlobalSection(ProjectConfigurationPlatforms) = postSolution
		{08F5A518-C796-4CBF-BBD0-224AC0842B9D}.Debug|Any CPU.ActiveCfg = Debug|Any CPU
		{08F5A518-C796-4CBF-BBD0-224AC0842B9D}.Debug|Any CPU.Build.0 = Debug|Any CPU
		{08F5A518-C796-4CBF-BBD0-224AC0842B9D}.Release|Any CPU.ActiveCfg = Release|Any CPU
		{08F5A518-C796-4CBF-BBD0-224AC0842B9D}.Release|Any CPU.Build.0 = Release|Any CPU
	EndGlobalSection
	GlobalSection(SolutionProperties) = preSolution
		HideSolutionNode = FALSE
	EndGlobalSection
	GlobalSection(ExtensibilityGlobals) = postSolution
		SolutionGuid = {86A9314B-273B-48BC-A276-7B25533F9746}
	EndGlobalSection
EndGlobal
